<?xml version="1.0"?>
<CodeBlocks_project_file>
	<FileVersion major="1" minor="6" />
	<Project>
		<Option title="AudioGLANN" />
		<Option makefile="makefile" />
		<Option pch_mode="2" />
		<Option compiler="gcc" />
		<Option virtualFolders="addons\;src\;" />
		<Build>
			<Target title="release">
				<Option output="bin\$(PROJECT_NAME)" prefix_auto="1" extension_auto="1" />
				<Option working_dir="bin" />
				<Option object_output="obj\Release" />
				<Option external_deps="..\..\..\..\..\Desktop\Programmierung\of_v0.8.4_win_cb_release\libs\openFrameworksCompiled\lib\win_cb\openFrameworks.lib;" />
				<Option type="1" />
				<Option compiler="gcc" />
				<Option projectLinkerOptionsRelation="2" />
				<Compiler>
					<Add option="-O2" />
				</Compiler>
				<Linker>
					<Add option="-s" />
					<Add option="../../../../../Desktop/Programmierung/of_v0.8.4_win_cb_release/libs/openFrameworksCompiled/lib/win_cb/openFrameworks.lib" />
				</Linker>
			</Target>
			<Target title="debug">
				<Option output="bin\$(PROJECT_NAME)_DEBUG" prefix_auto="1" extension_auto="1" />
				<Option working_dir="bin" />
				<Option object_output="obj\Debug\" />
				<Option external_deps="..\..\..\..\..\Desktop\Programmierung\of_v0.8.4_win_cb_release\libs\openFrameworksCompiled\lib\win_cb\openFrameworksDebug.lib;" />
				<Option type="1" />
				<Option compiler="gcc" />
				<Option projectLinkerOptionsRelation="2" />
				<Compiler>
					<Add option="-g" />
				</Compiler>
				<Linker>
					<Add option="../../../../../Desktop/Programmierung/of_v0.8.4_win_cb_release/libs/openFrameworksCompiled/lib/win_cb/openFrameworksDebug.lib" />
				</Linker>
			</Target>
		</Build>
		<Compiler>
			<Add option="-Wno-multichar" />
			<Add directory="..\..\..\..\..\Desktop\Programmierung\of_v0.8.4_win_cb_release\libs\glu\include" />
			<Add directory="..\..\..\..\..\Desktop\Programmierung\of_v0.8.4_win_cb_release\libs\freetype\include" />
			<Add directory="..\..\..\..\..\Desktop\Programmierung\of_v0.8.4_win_cb_release\libs\freetype\include\freetype2" />
			<Add directory="..\..\..\..\..\Desktop\Programmierung\of_v0.8.4_win_cb_release\libs\FreeImage\include" />
			<Add directory="..\..\..\..\..\Desktop\Programmierung\of_v0.8.4_win_cb_release\libs\quicktime\include" />
			<Add directory="..\..\..\..\..\Desktop\Programmierung\of_v0.8.4_win_cb_release\libs\rtAudio\include" />
			<Add directory="..\..\..\..\..\Desktop\Programmierung\of_v0.8.4_win_cb_release\libs\fmodex\include" />
			<Add directory="..\..\..\..\..\Desktop\Programmierung\of_v0.8.4_win_cb_release\libs\videoInput\include" />
			<Add directory="..\..\..\..\..\Desktop\Programmierung\of_v0.8.4_win_cb_release\libs\glew\include" />
			<Add directory="..\..\..\..\..\Desktop\Programmierung\of_v0.8.4_win_cb_release\libs\glut\include" />
			<Add directory="..\..\..\..\..\Desktop\Programmierung\of_v0.8.4_win_cb_release\libs\glfw\include" />
			<Add directory="..\..\..\..\..\Desktop\Programmierung\of_v0.8.4_win_cb_release\libs\openFrameworks" />
			<Add directory="..\..\..\..\..\Desktop\Programmierung\of_v0.8.4_win_cb_release\libs\openFrameworks\3d" />
			<Add directory="..\..\..\..\..\Desktop\Programmierung\of_v0.8.4_win_cb_release\libs\openFrameworks\app" />
			<Add directory="..\..\..\..\..\Desktop\Programmierung\of_v0.8.4_win_cb_release\libs\openFrameworks\communication" />
			<Add directory="..\..\..\..\..\Desktop\Programmierung\of_v0.8.4_win_cb_release\libs\openFrameworks\events" />
			<Add directory="..\..\..\..\..\Desktop\Programmierung\of_v0.8.4_win_cb_release\libs\openFrameworks\gl" />
			<Add directory="..\..\..\..\..\Desktop\Programmierung\of_v0.8.4_win_cb_release\libs\openFrameworks\graphics" />
			<Add directory="..\..\..\..\..\Desktop\Programmierung\of_v0.8.4_win_cb_release\libs\openFrameworks\math" />
			<Add directory="..\..\..\..\..\Desktop\Programmierung\of_v0.8.4_win_cb_release\libs\openFrameworks\sound" />
			<Add directory="..\..\..\..\..\Desktop\Programmierung\of_v0.8.4_win_cb_release\libs\openFrameworks\types" />
			<Add directory="..\..\..\..\..\Desktop\Programmierung\of_v0.8.4_win_cb_release\libs\openFrameworks\utils" />
			<Add directory="..\..\..\..\..\Desktop\Programmierung\of_v0.8.4_win_cb_release\libs\openFrameworks\video" />
			<Add directory="..\..\..\..\..\Desktop\Programmierung\of_v0.8.4_win_cb_release\libs\poco\include" />
			<Add directory="..\..\..\..\..\Desktop\Programmierung\of_v0.8.4_win_cb_release\libs\tess2\include" />
			<Add directory="..\..\..\..\..\Desktop\Programmierung\of_v0.8.4_win_cb_release\libs\cairo\include\cairo" />
			<Add directory="src" />
			<Add directory="src\dataModel" />
			<Add directory="src\worker" />
			<Add directory="../../../../../Desktop/Programmierung/of_v0.8.4_win_cb_release/addons/ofxGui/libs" />
			<Add directory="../../../../../Desktop/Programmierung/of_v0.8.4_win_cb_release/addons/ofxGui/src" />
			<Add directory="../../../../../Desktop/Programmierung/of_v0.8.4_win_cb_release/addons\ofxGui\src" />
			<Add directory="../../../../../Desktop/Programmierung/of_v0.8.4_win_cb_release/addons/ofxNetwork/libs" />
			<Add directory="../../../../../Desktop/Programmierung/of_v0.8.4_win_cb_release/addons/ofxNetwork/src" />
			<Add directory="../../../../../Desktop/Programmierung/of_v0.8.4_win_cb_release/addons\ofxNetwork\src" />
			<Add directory="../../../../../Desktop/Programmierung/of_v0.8.4_win_cb_release/addons/ofxXmlSettings/libs" />
			<Add directory="../../../../../Desktop/Programmierung/of_v0.8.4_win_cb_release/addons/ofxXmlSettings/src" />
			<Add directory="../../../../../Desktop/Programmierung/of_v0.8.4_win_cb_release/addons\ofxXmlSettings\libs" />
			<Add directory="../../../../../Desktop/Programmierung/of_v0.8.4_win_cb_release/addons\ofxXmlSettings\src" />
			<Add directory="../../../../../Desktop/Programmierung/of_v0.8.4_win_cb_release/addons/ofxMaxim/libs" />
			<Add directory="../../../../../Desktop/Programmierung/of_v0.8.4_win_cb_release/addons/ofxMaxim/src" />
		</Compiler>
		<Linker>
			<Add library="..\..\..\..\..\Desktop\Programmierung\of_v0.8.4_win_cb_release\libs\FreeImage\lib\win_cb\FreeImage.lib" />
			<Add library="..\..\..\..\..\Desktop\Programmierung\of_v0.8.4_win_cb_release\libs\rtAudio\lib\win_cb\librtaudio.a" />
			<Add library="..\..\..\..\..\Desktop\Programmierung\of_v0.8.4_win_cb_release\libs\quicktime\lib\win_cb\qtmlClient.lib" />
			<Add library="..\..\..\..\..\Desktop\Programmierung\of_v0.8.4_win_cb_release\libs\cairo\lib\win_cb\libcairo.a" />
			<Add library="..\..\..\..\..\Desktop\Programmierung\of_v0.8.4_win_cb_release\libs\cairo\lib\win_cb\libpixman-1.a" />
			<Add library="..\..\..\..\..\Desktop\Programmierung\of_v0.8.4_win_cb_release\libs\freetype\lib\win_cb\libfreetype.a" />
			<Add library="..\..\..\..\..\Desktop\Programmierung\of_v0.8.4_win_cb_release\libs\glut\lib\win_cb\libglut.a" />
			<Add library="..\..\..\..\..\Desktop\Programmierung\of_v0.8.4_win_cb_release\libs\glfw\lib\win_cb\libglfw3.a" />
			<Add library="..\..\..\..\..\Desktop\Programmierung\of_v0.8.4_win_cb_release\libs\videoInput\lib\win_cb\videoInputLib.a" />
			<Add library="..\..\..\..\..\Desktop\Programmierung\of_v0.8.4_win_cb_release\libs\fmodex\lib\win_cb\libfmodex.a" />
			<Add library="..\..\..\..\..\Desktop\Programmierung\of_v0.8.4_win_cb_release\libs\glew\lib\win_cb\glew32s.lib" />
			<Add library="..\..\..\..\..\Desktop\Programmierung\of_v0.8.4_win_cb_release\libs\glu\lib\win_cb\glu32.lib" />
			<Add library="..\..\..\..\..\Desktop\Programmierung\of_v0.8.4_win_cb_release\libs\poco\lib\win_cb\libPocoNetSSL.a" />
			<Add library="..\..\..\..\..\Desktop\Programmierung\of_v0.8.4_win_cb_release\libs\poco\lib\win_cb\libPocoCrypto.a" />
			<Add library="..\..\..\..\..\Desktop\Programmierung\of_v0.8.4_win_cb_release\libs\poco\lib\win_cb\libPocoNet.a" />
			<Add library="..\..\..\..\..\Desktop\Programmierung\of_v0.8.4_win_cb_release\libs\poco\lib\win_cb\libPocoUtil.a" />
			<Add library="..\..\..\..\..\Desktop\Programmierung\of_v0.8.4_win_cb_release\libs\poco\lib\win_cb\libPocoXML.a" />
			<Add library="..\..\..\..\..\Desktop\Programmierung\of_v0.8.4_win_cb_release\libs\poco\lib\win_cb\libPocoFoundation.a" />
			<Add library="..\..\..\..\..\Desktop\Programmierung\of_v0.8.4_win_cb_release\libs\openssl\lib\win_cb\libssl.a" />
			<Add library="..\..\..\..\..\Desktop\Programmierung\of_v0.8.4_win_cb_release\libs\openssl\lib\win_cb\libcrypto.a" />
			<Add library="..\..\..\..\..\Desktop\Programmierung\of_v0.8.4_win_cb_release\libs\tess2\lib\win_cb\libtess2.a" />
			<Add library="opengl32" />
			<Add library="gdi32" />
			<Add library="msimg32" />
			<Add library="glu32" />
			<Add library="dsound" />
			<Add library="winmm" />
			<Add library="dxguid" />
			<Add library="strmbase" />
			<Add library="strmiids" />
			<Add library="z" />
			<Add library="uuid" />
			<Add library="ole32" />
			<Add library="oleaut32" />
			<Add library="setupapi" />
			<Add library="wsock32" />
			<Add library="ws2_32" />
			<Add library="Iphlpapi" />
			<Add library="Comdlg32" />
		</Linker>
		<ExtraCommands>
			<Add after="xcopy /e /i /y &quot;$(PROJECT_DIR)..\..\..\..\..\Desktop\Programmierung\of_v0.8.4_win_cb_release\export\win_cb\*.dll&quot;  &quot;$(PROJECT_DIR)bin&quot;" />
			<Add after="cmd /c if not exist &quot;$(PROJECT_DIR)bin/data&quot; mkdir &quot;$(PROJECT_DIR)bin/data&quot;" />
			<Mode after="always" />
		</ExtraCommands>
		<Unit filename="icon.rc">
			<Option compilerVar="WINDRES" />
		</Unit>
		<Unit filename="src\main.cpp">
			<Option virtualFolder="src" />
		</Unit>
		<Unit filename="src\ofApp.cpp">
			<Option virtualFolder="src" />
		</Unit>
		<Unit filename="src\ofApp.h">
			<Option virtualFolder="src" />
		</Unit>
		<Extensions>
			<code_completion />
			<debugger />
			<envvars />
		</Extensions>
		<Unit filename="src\dataModel\anndata.cpp">
			<Option virtualFolder="src\dataModel" />
		</Unit>
		<Unit filename="src\dataModel\anndata.h">
			<Option virtualFolder="src\dataModel" />
		</Unit>
		<Unit filename="src\glanntools.cpp">
			<Option virtualFolder="src" />
		</Unit>
		<Unit filename="src\glanntools.h">
			<Option virtualFolder="src" />
		</Unit>
		<Unit filename="src\worker\glann.cpp">
			<Option virtualFolder="src\worker" />
		</Unit>
		<Unit filename="src\worker\glann.h">
			<Option virtualFolder="src\worker" />
		</Unit>
		<Unit filename="../../../../../Desktop/Programmierung/of_v0.8.4_win_cb_release/addons\ofxGui\src\ofxBaseGui.cpp">
			<Option virtualFolder="addons\ofxGui\src" />
		</Unit>
		<Unit filename="../../../../../Desktop/Programmierung/of_v0.8.4_win_cb_release/addons\ofxGui\src\ofxBaseGui.h">
			<Option virtualFolder="addons\ofxGui\src" />
		</Unit>
		<Unit filename="../../../../../Desktop/Programmierung/of_v0.8.4_win_cb_release/addons\ofxGui\src\ofxButton.cpp">
			<Option virtualFolder="addons\ofxGui\src" />
		</Unit>
		<Unit filename="../../../../../Desktop/Programmierung/of_v0.8.4_win_cb_release/addons\ofxGui\src\ofxButton.h">
			<Option virtualFolder="addons\ofxGui\src" />
		</Unit>
		<Unit filename="../../../../../Desktop/Programmierung/of_v0.8.4_win_cb_release/addons\ofxGui\src\ofxGui.h">
			<Option virtualFolder="addons\ofxGui\src" />
		</Unit>
		<Unit filename="../../../../../Desktop/Programmierung/of_v0.8.4_win_cb_release/addons\ofxGui\src\ofxGuiGroup.cpp">
			<Option virtualFolder="addons\ofxGui\src" />
		</Unit>
		<Unit filename="../../../../../Desktop/Programmierung/of_v0.8.4_win_cb_release/addons\ofxGui\src\ofxGuiGroup.h">
			<Option virtualFolder="addons\ofxGui\src" />
		</Unit>
		<Unit filename="../../../../../Desktop/Programmierung/of_v0.8.4_win_cb_release/addons\ofxGui\src\ofxLabel.cpp">
			<Option virtualFolder="addons\ofxGui\src" />
		</Unit>
		<Unit filename="../../../../../Desktop/Programmierung/of_v0.8.4_win_cb_release/addons\ofxGui\src\ofxLabel.h">
			<Option virtualFolder="addons\ofxGui\src" />
		</Unit>
		<Unit filename="../../../../../Desktop/Programmierung/of_v0.8.4_win_cb_release/addons\ofxGui\src\ofxPanel.cpp">
			<Option virtualFolder="addons\ofxGui\src" />
		</Unit>
		<Unit filename="../../../../../Desktop/Programmierung/of_v0.8.4_win_cb_release/addons\ofxGui\src\ofxPanel.h">
			<Option virtualFolder="addons\ofxGui\src" />
		</Unit>
		<Unit filename="../../../../../Desktop/Programmierung/of_v0.8.4_win_cb_release/addons\ofxGui\src\ofxSlider.cpp">
			<Option virtualFolder="addons\ofxGui\src" />
		</Unit>
		<Unit filename="../../../../../Desktop/Programmierung/of_v0.8.4_win_cb_release/addons\ofxGui\src\ofxSlider.h">
			<Option virtualFolder="addons\ofxGui\src" />
		</Unit>
		<Unit filename="../../../../../Desktop/Programmierung/of_v0.8.4_win_cb_release/addons\ofxGui\src\ofxSliderGroup.cpp">
			<Option virtualFolder="addons\ofxGui\src" />
		</Unit>
		<Unit filename="../../../../../Desktop/Programmierung/of_v0.8.4_win_cb_release/addons\ofxGui\src\ofxSliderGroup.h">
			<Option virtualFolder="addons\ofxGui\src" />
		</Unit>
		<Unit filename="../../../../../Desktop/Programmierung/of_v0.8.4_win_cb_release/addons\ofxGui\src\ofxToggle.cpp">
			<Option virtualFolder="addons\ofxGui\src" />
		</Unit>
		<Unit filename="../../../../../Desktop/Programmierung/of_v0.8.4_win_cb_release/addons\ofxGui\src\ofxToggle.h">
			<Option virtualFolder="addons\ofxGui\src" />
		</Unit>
		<Unit filename="../../../../../Desktop/Programmierung/of_v0.8.4_win_cb_release/addons\ofxNetwork\src\ofxNetwork.h">
			<Option virtualFolder="addons\ofxNetwork\src" />
		</Unit>
		<Unit filename="../../../../../Desktop/Programmierung/of_v0.8.4_win_cb_release/addons\ofxNetwork\src\ofxNetworkUtils.h">
			<Option virtualFolder="addons\ofxNetwork\src" />
		</Unit>
		<Unit filename="../../../../../Desktop/Programmierung/of_v0.8.4_win_cb_release/addons\ofxNetwork\src\ofxTCPClient.cpp">
			<Option virtualFolder="addons\ofxNetwork\src" />
		</Unit>
		<Unit filename="../../../../../Desktop/Programmierung/of_v0.8.4_win_cb_release/addons\ofxNetwork\src\ofxTCPClient.h">
			<Option virtualFolder="addons\ofxNetwork\src" />
		</Unit>
		<Unit filename="../../../../../Desktop/Programmierung/of_v0.8.4_win_cb_release/addons\ofxNetwork\src\ofxTCPManager.cpp">
			<Option virtualFolder="addons\ofxNetwork\src" />
		</Unit>
		<Unit filename="../../../../../Desktop/Programmierung/of_v0.8.4_win_cb_release/addons\ofxNetwork\src\ofxTCPManager.h">
			<Option virtualFolder="addons\ofxNetwork\src" />
		</Unit>
		<Unit filename="../../../../../Desktop/Programmierung/of_v0.8.4_win_cb_release/addons\ofxNetwork\src\ofxTCPServer.cpp">
			<Option virtualFolder="addons\ofxNetwork\src" />
		</Unit>
		<Unit filename="../../../../../Desktop/Programmierung/of_v0.8.4_win_cb_release/addons\ofxNetwork\src\ofxTCPServer.h">
			<Option virtualFolder="addons\ofxNetwork\src" />
		</Unit>
		<Unit filename="../../../../../Desktop/Programmierung/of_v0.8.4_win_cb_release/addons\ofxNetwork\src\ofxUDPManager.cpp">
			<Option virtualFolder="addons\ofxNetwork\src" />
		</Unit>
		<Unit filename="../../../../../Desktop/Programmierung/of_v0.8.4_win_cb_release/addons\ofxNetwork\src\ofxUDPManager.h">
			<Option virtualFolder="addons\ofxNetwork\src" />
		</Unit>
		<Unit filename="../../../../../Desktop/Programmierung/of_v0.8.4_win_cb_release/addons\ofxXmlSettings\src\ofxXmlSettings.cpp">
			<Option virtualFolder="addons\ofxXmlSettings\src" />
		</Unit>
		<Unit filename="../../../../../Desktop/Programmierung/of_v0.8.4_win_cb_release/addons\ofxXmlSettings\src\ofxXmlSettings.h">
			<Option virtualFolder="addons\ofxXmlSettings\src" />
		</Unit>
		<Unit filename="../../../../../Desktop/Programmierung/of_v0.8.4_win_cb_release/addons\ofxXmlSettings\libs\tinyxml.cpp">
			<Option virtualFolder="addons\ofxXmlSettings\libs" />
		</Unit>
		<Unit filename="../../../../../Desktop/Programmierung/of_v0.8.4_win_cb_release/addons\ofxXmlSettings\libs\tinyxml.h">
			<Option virtualFolder="addons\ofxXmlSettings\libs" />
		</Unit>
		<Unit filename="../../../../../Desktop/Programmierung/of_v0.8.4_win_cb_release/addons\ofxXmlSettings\libs\tinyxmlerror.cpp">
			<Option virtualFolder="addons\ofxXmlSettings\libs" />
		</Unit>
		<Unit filename="../../../../../Desktop/Programmierung/of_v0.8.4_win_cb_release/addons\ofxXmlSettings\libs\tinyxmlparser.cpp">
			<Option virtualFolder="addons\ofxXmlSettings\libs" />
		</Unit>
	</Project>
</CodeBlocks_project_file>
